
Microsoft Visual Studio Solution File, Format Version 12.00
# Visual Studio Version 17
VisualStudioVersion = 17.4.33122.133
MinimumVisualStudioVersion = 10.0.40219.1
Project("{FAE04EC0-301F-11D3-BF4B-00C04F79EFBC}") = "01. Old Books", "01. Old Books\01. Old Books.csproj", "{6F511C8E-9A58-40EC-A942-855AF7F34954}"
EndProject
Project("{FAE04EC0-301F-11D3-BF4B-00C04F79EFBC}") = "02. Exam Preparation", "02. Exam Preparation\02. Exam Preparation.csproj", "{078C9481-5C22-47DF-B308-F8528DF921BE}"
EndProject
Project("{FAE04EC0-301F-11D3-BF4B-00C04F79EFBC}") = "03. Vacation", "03. Vacation\03. Vacation.csproj", "{EEF250E4-2E0E-4C63-9F15-6974FF7559A4}"
EndProject
Project("{FAE04EC0-301F-11D3-BF4B-00C04F79EFBC}") = "04. Walking", "04. Walking\04. Walking.csproj", "{05885D13-4AEB-4E6A-B960-EA56EF3E2017}"
EndProject
Project("{FAE04EC0-301F-11D3-BF4B-00C04F79EFBC}") = "05. Coins", "05. Coins\05. Coins.csproj", "{090730AC-2E10-4AE8-B457-87EC2073331A}"
EndProject
Project("{FAE04EC0-301F-11D3-BF4B-00C04F79EFBC}") = "06. Cake", "06. Cake\06. Cake.csproj", "{BACAF851-A934-4471-94A5-E9D048C5878D}"
EndProject
Project("{FAE04EC0-301F-11D3-BF4B-00C04F79EFBC}") = "07. Moving", "07. Moving\07. Moving.csproj", "{67051619-24F7-4B4B-885D-08655C465B6A}"
EndProject
Global
	GlobalSection(SolutionConfigurationPlatforms) = preSolution
		Debug|Any CPU = Debug|Any CPU
		Release|Any CPU = Release|Any CPU
	EndGlobalSection
	GlobalSection(ProjectConfigurationPlatforms) = postSolution
		{6F511C8E-9A58-40EC-A942-855AF7F34954}.Debug|Any CPU.ActiveCfg = Debug|Any CPU
		{6F511C8E-9A58-40EC-A942-855AF7F34954}.Debug|Any CPU.Build.0 = Debug|Any CPU
		{6F511C8E-9A58-40EC-A942-855AF7F34954}.Release|Any CPU.ActiveCfg = Release|Any CPU
		{6F511C8E-9A58-40EC-A942-855AF7F34954}.Release|Any CPU.Build.0 = Release|Any CPU
		{078C9481-5C22-47DF-B308-F8528DF921BE}.Debug|Any CPU.ActiveCfg = Debug|Any CPU
		{078C9481-5C22-47DF-B308-F8528DF921BE}.Debug|Any CPU.Build.0 = Debug|Any CPU
		{078C9481-5C22-47DF-B308-F8528DF921BE}.Release|Any CPU.ActiveCfg = Release|Any CPU
		{078C9481-5C22-47DF-B308-F8528DF921BE}.Release|Any CPU.Build.0 = Release|Any CPU
		{EEF250E4-2E0E-4C63-9F15-6974FF7559A4}.Debug|Any CPU.ActiveCfg = Debug|Any CPU
		{EEF250E4-2E0E-4C63-9F15-6974FF7559A4}.Debug|Any CPU.Build.0 = Debug|Any CPU
		{EEF250E4-2E0E-4C63-9F15-6974FF7559A4}.Release|Any CPU.ActiveCfg = Release|Any CPU
		{EEF250E4-2E0E-4C63-9F15-6974FF7559A4}.Release|Any CPU.Build.0 = Release|Any CPU
		{05885D13-4AEB-4E6A-B960-EA56EF3E2017}.Debug|Any CPU.ActiveCfg = Debug|Any CPU
		{05885D13-4AEB-4E6A-B960-EA56EF3E2017}.Debug|Any CPU.Build.0 = Debug|Any CPU
		{05885D13-4AEB-4E6A-B960-EA56EF3E2017}.Release|Any CPU.ActiveCfg = Release|Any CPU
		{05885D13-4AEB-4E6A-B960-EA56EF3E2017}.Release|Any CPU.Build.0 = Release|Any CPU
		{090730AC-2E10-4AE8-B457-87EC2073331A}.Debug|Any CPU.ActiveCfg = Debug|Any CPU
		{090730AC-2E10-4AE8-B457-87EC2073331A}.Debug|Any CPU.Build.0 = Debug|Any CPU
		{090730AC-2E10-4AE8-B457-87EC2073331A}.Release|Any CPU.ActiveCfg = Release|Any CPU
		{090730AC-2E10-4AE8-B457-87EC2073331A}.Release|Any CPU.Build.0 = Release|Any CPU
		{BACAF851-A934-4471-94A5-E9D048C5878D}.Debug|Any CPU.ActiveCfg = Debug|Any CPU
		{BACAF851-A934-4471-94A5-E9D048C5878D}.Debug|Any CPU.Build.0 = Debug|Any CPU
		{BACAF851-A934-4471-94A5-E9D048C5878D}.Release|Any CPU.ActiveCfg = Release|Any CPU
		{BACAF851-A934-4471-94A5-E9D048C5878D}.Release|Any CPU.Build.0 = Release|Any CPU
		{67051619-24F7-4B4B-885D-08655C465B6A}.Debug|Any CPU.ActiveCfg = Debug|Any CPU
		{67051619-24F7-4B4B-885D-08655C465B6A}.Debug|Any CPU.Build.0 = Debug|Any CPU
		{67051619-24F7-4B4B-885D-08655C465B6A}.Release|Any CPU.ActiveCfg = Release|Any CPU
		{67051619-24F7-4B4B-885D-08655C465B6A}.Release|Any CPU.Build.0 = Release|Any CPU
	EndGlobalSection
	GlobalSection(SolutionProperties) = preSolution
		HideSolutionNode = FALSE
	EndGlobalSection
	GlobalSection(ExtensibilityGlobals) = postSolution
		SolutionGuid = {AF504F9A-97A4-4643-B8A5-743E7CDCB66D}
	EndGlobalSection
EndGlobal
