
Microsoft Visual Studio Solution File, Format Version 12.00
# Visual Studio Version 17
VisualStudioVersion = 17.4.33122.133
MinimumVisualStudioVersion = 10.0.40219.1
Project("{FAE04EC0-301F-11D3-BF4B-00C04F79EFBC}") = "01. Numbers from 1 to 100", "01. Numbers from 1 to 100\01. Numbers from 1 to 100.csproj", "{B5C56406-EA2B-4A0E-A9B1-111E00995C25}"
EndProject
Project("{FAE04EC0-301F-11D3-BF4B-00C04F79EFBC}") = "02. Numbers N.1", "02. Numbers N.1\02. Numbers N.1.csproj", "{1A229926-D1FF-4B1E-9206-895DBF028E00}"
EndProject
Project("{FAE04EC0-301F-11D3-BF4B-00C04F79EFBC}") = "03. Numbers 1N with Step 3", "03. Numbers 1N with Step 3\03. Numbers 1N with Step 3.csproj", "{B4BCFB4F-00C7-44BA-ACA9-9579982FEC88}"
EndProject
Project("{FAE04EC0-301F-11D3-BF4B-00C04F79EFBC}") = "04. Even Powers of 2", "04. Even Powers of 2\04. Even Powers of 2.csproj", "{D2C2C2EA-B341-4EAA-8BD5-299EBCB9C7AE}"
EndProject
Project("{FAE04EC0-301F-11D3-BF4B-00C04F79EFBC}") = "05. Character Sequence", "05. Character Sequence\05. Character Sequence.csproj", "{38923AFA-064B-4033-B5CB-31578F56BF21}"
EndProject
Project("{FAE04EC0-301F-11D3-BF4B-00C04F79EFBC}") = "06. Vowels Sum", "06. Vowels Sum\06. Vowels Sum.csproj", "{5770036C-5EF7-4B01-AF4C-22FE08644E53}"
EndProject
Project("{FAE04EC0-301F-11D3-BF4B-00C04F79EFBC}") = "07. Sum Numbers", "07. Sum Numbers\07. Sum Numbers.csproj", "{C77C9DE2-931D-43BB-9929-A04A72C6823D}"
EndProject
Project("{FAE04EC0-301F-11D3-BF4B-00C04F79EFBC}") = "08. Number sequence", "08. Number sequence\08. Number sequence.csproj", "{B21118E2-AC2A-4516-A65B-76F967E9F430}"
EndProject
Project("{FAE04EC0-301F-11D3-BF4B-00C04F79EFBC}") = "09. Left and Right Sum", "09. Left and Right Sum\09. Left and Right Sum.csproj", "{AA01019C-95E5-48E1-92B2-73F77D1DE71F}"
EndProject
Project("{FAE04EC0-301F-11D3-BF4B-00C04F79EFBC}") = "10. Odd Even Sum", "10. Odd Even Sum\10. Odd Even Sum.csproj", "{B0C860E6-08EE-4982-9E73-13EE47483A91}"
EndProject
Global
	GlobalSection(SolutionConfigurationPlatforms) = preSolution
		Debug|Any CPU = Debug|Any CPU
		Release|Any CPU = Release|Any CPU
	EndGlobalSection
	GlobalSection(ProjectConfigurationPlatforms) = postSolution
		{B5C56406-EA2B-4A0E-A9B1-111E00995C25}.Debug|Any CPU.ActiveCfg = Debug|Any CPU
		{B5C56406-EA2B-4A0E-A9B1-111E00995C25}.Debug|Any CPU.Build.0 = Debug|Any CPU
		{B5C56406-EA2B-4A0E-A9B1-111E00995C25}.Release|Any CPU.ActiveCfg = Release|Any CPU
		{B5C56406-EA2B-4A0E-A9B1-111E00995C25}.Release|Any CPU.Build.0 = Release|Any CPU
		{1A229926-D1FF-4B1E-9206-895DBF028E00}.Debug|Any CPU.ActiveCfg = Debug|Any CPU
		{1A229926-D1FF-4B1E-9206-895DBF028E00}.Debug|Any CPU.Build.0 = Debug|Any CPU
		{1A229926-D1FF-4B1E-9206-895DBF028E00}.Release|Any CPU.ActiveCfg = Release|Any CPU
		{1A229926-D1FF-4B1E-9206-895DBF028E00}.Release|Any CPU.Build.0 = Release|Any CPU
		{B4BCFB4F-00C7-44BA-ACA9-9579982FEC88}.Debug|Any CPU.ActiveCfg = Debug|Any CPU
		{B4BCFB4F-00C7-44BA-ACA9-9579982FEC88}.Debug|Any CPU.Build.0 = Debug|Any CPU
		{B4BCFB4F-00C7-44BA-ACA9-9579982FEC88}.Release|Any CPU.ActiveCfg = Release|Any CPU
		{B4BCFB4F-00C7-44BA-ACA9-9579982FEC88}.Release|Any CPU.Build.0 = Release|Any CPU
		{D2C2C2EA-B341-4EAA-8BD5-299EBCB9C7AE}.Debug|Any CPU.ActiveCfg = Debug|Any CPU
		{D2C2C2EA-B341-4EAA-8BD5-299EBCB9C7AE}.Debug|Any CPU.Build.0 = Debug|Any CPU
		{D2C2C2EA-B341-4EAA-8BD5-299EBCB9C7AE}.Release|Any CPU.ActiveCfg = Release|Any CPU
		{D2C2C2EA-B341-4EAA-8BD5-299EBCB9C7AE}.Release|Any CPU.Build.0 = Release|Any CPU
		{38923AFA-064B-4033-B5CB-31578F56BF21}.Debug|Any CPU.ActiveCfg = Debug|Any CPU
		{38923AFA-064B-4033-B5CB-31578F56BF21}.Debug|Any CPU.Build.0 = Debug|Any CPU
		{38923AFA-064B-4033-B5CB-31578F56BF21}.Release|Any CPU.ActiveCfg = Release|Any CPU
		{38923AFA-064B-4033-B5CB-31578F56BF21}.Release|Any CPU.Build.0 = Release|Any CPU
		{5770036C-5EF7-4B01-AF4C-22FE08644E53}.Debug|Any CPU.ActiveCfg = Debug|Any CPU
		{5770036C-5EF7-4B01-AF4C-22FE08644E53}.Debug|Any CPU.Build.0 = Debug|Any CPU
		{5770036C-5EF7-4B01-AF4C-22FE08644E53}.Release|Any CPU.ActiveCfg = Release|Any CPU
		{5770036C-5EF7-4B01-AF4C-22FE08644E53}.Release|Any CPU.Build.0 = Release|Any CPU
		{C77C9DE2-931D-43BB-9929-A04A72C6823D}.Debug|Any CPU.ActiveCfg = Debug|Any CPU
		{C77C9DE2-931D-43BB-9929-A04A72C6823D}.Debug|Any CPU.Build.0 = Debug|Any CPU
		{C77C9DE2-931D-43BB-9929-A04A72C6823D}.Release|Any CPU.ActiveCfg = Release|Any CPU
		{C77C9DE2-931D-43BB-9929-A04A72C6823D}.Release|Any CPU.Build.0 = Release|Any CPU
		{B21118E2-AC2A-4516-A65B-76F967E9F430}.Debug|Any CPU.ActiveCfg = Debug|Any CPU
		{B21118E2-AC2A-4516-A65B-76F967E9F430}.Debug|Any CPU.Build.0 = Debug|Any CPU
		{B21118E2-AC2A-4516-A65B-76F967E9F430}.Release|Any CPU.ActiveCfg = Release|Any CPU
		{B21118E2-AC2A-4516-A65B-76F967E9F430}.Release|Any CPU.Build.0 = Release|Any CPU
		{AA01019C-95E5-48E1-92B2-73F77D1DE71F}.Debug|Any CPU.ActiveCfg = Debug|Any CPU
		{AA01019C-95E5-48E1-92B2-73F77D1DE71F}.Debug|Any CPU.Build.0 = Debug|Any CPU
		{AA01019C-95E5-48E1-92B2-73F77D1DE71F}.Release|Any CPU.ActiveCfg = Release|Any CPU
		{AA01019C-95E5-48E1-92B2-73F77D1DE71F}.Release|Any CPU.Build.0 = Release|Any CPU
		{B0C860E6-08EE-4982-9E73-13EE47483A91}.Debug|Any CPU.ActiveCfg = Debug|Any CPU
		{B0C860E6-08EE-4982-9E73-13EE47483A91}.Debug|Any CPU.Build.0 = Debug|Any CPU
		{B0C860E6-08EE-4982-9E73-13EE47483A91}.Release|Any CPU.ActiveCfg = Release|Any CPU
		{B0C860E6-08EE-4982-9E73-13EE47483A91}.Release|Any CPU.Build.0 = Release|Any CPU
	EndGlobalSection
	GlobalSection(SolutionProperties) = preSolution
		HideSolutionNode = FALSE
	EndGlobalSection
	GlobalSection(ExtensibilityGlobals) = postSolution
		SolutionGuid = {1C1AE81C-647D-4CF1-8746-772766D5F930}
	EndGlobalSection
EndGlobal
